
Microsoft Visual Studio Solution File, Format Version 12.00
# Visual Studio Version 17
VisualStudioVersion = 17.0.31903.59
MinimumVisualStudioVersion = 10.0.40219.1
Project("{FAE04EC0-301F-11D3-BF4B-00C04F79EFBC}") = "StaffingApi", "StaffingApi\StaffingApi.csproj", "{B7FCF6C3-5520-4F79-A976-4F3B29F2338E}"
EndProject
Project("{FAE04EC0-301F-11D3-BF4B-00C04F79EFBC}") = "StaffingApi.Tests", "Tests\StaffingApi.Tests.csproj", "{5757976D-6F22-43BA-AD18-6F01172A44D4}"
EndProject
Global
	GlobalSection(SolutionConfigurationPlatforms) = preSolution
		Debug|Any CPU = Debug|Any CPU
		Release|Any CPU = Release|Any CPU
	EndGlobalSection
	GlobalSection(SolutionProperties) = preSolution
		HideSolutionNode = FALSE
	EndGlobalSection
	GlobalSection(ProjectConfigurationPlatforms) = postSolution
		{B7FCF6C3-5520-4F79-A976-4F3B29F2338E}.Debug|Any CPU.ActiveCfg = Debug|Any CPU
		{B7FCF6C3-5520-4F79-A976-4F3B29F2338E}.Debug|Any CPU.Build.0 = Debug|Any CPU
		{B7FCF6C3-5520-4F79-A976-4F3B29F2338E}.Release|Any CPU.ActiveCfg = Release|Any CPU
		{B7FCF6C3-5520-4F79-A976-4F3B29F2338E}.Release|Any CPU.Build.0 = Release|Any CPU
		{5757976D-6F22-43BA-AD18-6F01172A44D4}.Debug|Any CPU.ActiveCfg = Debug|Any CPU
		{5757976D-6F22-43BA-AD18-6F01172A44D4}.Debug|Any CPU.Build.0 = Debug|Any CPU
		{5757976D-6F22-43BA-AD18-6F01172A44D4}.Release|Any CPU.ActiveCfg = Release|Any CPU
		{5757976D-6F22-43BA-AD18-6F01172A44D4}.Release|Any CPU.Build.0 = Release|Any CPU
	EndGlobalSection
EndGlobal
